// !$*UTF8*$!
{
	archiveVersion = 1;
	classes = {
	};
	objectVersion = 55;
	objects = {

/* Begin PBXBuildFile section */
		FB9685292893010C00F6F613 /* AppDelegate.swift in Sources */ = {isa = PBXBuildFile; fileRef = FB9685282893010C00F6F613 /* AppDelegate.swift */; };
		FB96852B2893010C00F6F613 /* SceneDelegate.swift in Sources */ = {isa = PBXBuildFile; fileRef = FB96852A2893010C00F6F613 /* SceneDelegate.swift */; };
		FB96852D2893010C00F6F613 /* MainTabBarViewController.swift in Sources */ = {isa = PBXBuildFile; fileRef = FB96852C2893010C00F6F613 /* MainTabBarViewController.swift */; };
		FB9685322893011600F6F613 /* Assets.xcassets in Resources */ = {isa = PBXBuildFile; fileRef = FB9685312893011600F6F613 /* Assets.xcassets */; };
		FB9685352893011600F6F613 /* LaunchScreen.storyboard in Resources */ = {isa = PBXBuildFile; fileRef = FB9685332893011600F6F613 /* LaunchScreen.storyboard */; };
		FB96853E2893031F00F6F613 /* HomeViewController.swift in Sources */ = {isa = PBXBuildFile; fileRef = FB96853D2893031F00F6F613 /* HomeViewController.swift */; };
		FB9685402893034C00F6F613 /* UpcomingViewController.swift in Sources */ = {isa = PBXBuildFile; fileRef = FB96853F2893034C00F6F613 /* UpcomingViewController.swift */; };
		FB9685422893036C00F6F613 /* SearchViewController.swift in Sources */ = {isa = PBXBuildFile; fileRef = FB9685412893036C00F6F613 /* SearchViewController.swift */; };
		FB9685442893038700F6F613 /* DownloadViewController.swift in Sources */ = {isa = PBXBuildFile; fileRef = FB9685432893038700F6F613 /* DownloadViewController.swift */; };
		FB96854B28930BFB00F6F613 /* CollectionViewTableViewCell.swift in Sources */ = {isa = PBXBuildFile; fileRef = FB96854A28930BFB00F6F613 /* CollectionViewTableViewCell.swift */; };
		FB96854D28931A2E00F6F613 /* HeroHeaderUIView.swift in Sources */ = {isa = PBXBuildFile; fileRef = FB96854C28931A2E00F6F613 /* HeroHeaderUIView.swift */; };
		FB96855428985AE400F6F613 /* APICallers.swift in Sources */ = {isa = PBXBuildFile; fileRef = FB96855328985AE400F6F613 /* APICallers.swift */; };
		FB9685562898697000F6F613 /* Title.swift in Sources */ = {isa = PBXBuildFile; fileRef = FB9685552898697000F6F613 /* Title.swift */; };
		FB968558289879EA00F6F613 /* Extensions.swift in Sources */ = {isa = PBXBuildFile; fileRef = FB968557289879EA00F6F613 /* Extensions.swift */; };
		FB96855C28994FB500F6F613 /* TitleCollectionViewCell.swift in Sources */ = {isa = PBXBuildFile; fileRef = FB96855B28994FB500F6F613 /* TitleCollectionViewCell.swift */; };
		FB96855F2899524100F6F613 /* SDWebImage in Frameworks */ = {isa = PBXBuildFile; productRef = FB96855E2899524100F6F613 /* SDWebImage */; };
		FB9685612899524100F6F613 /* SDWebImageMapKit in Frameworks */ = {isa = PBXBuildFile; productRef = FB9685602899524100F6F613 /* SDWebImageMapKit */; };
		FB9685632899A94400F6F613 /* TitleTableViewCell.swift in Sources */ = {isa = PBXBuildFile; fileRef = FB9685622899A94300F6F613 /* TitleTableViewCell.swift */; };
		FB9685652899BABD00F6F613 /* TitleViewModel.swift in Sources */ = {isa = PBXBuildFile; fileRef = FB9685642899BABD00F6F613 /* TitleViewModel.swift */; };
		FB968567289AA49800F6F613 /* SearchResultsViewController.swift in Sources */ = {isa = PBXBuildFile; fileRef = FB968566289AA49700F6F613 /* SearchResultsViewController.swift */; };
/* End PBXBuildFile section */

/* Begin PBXFileReference section */
		FB9685252893010B00F6F613 /* Netflix Clone.app */ = {isa = PBXFileReference; explicitFileType = wrapper.application; includeInIndex = 0; path = "Netflix Clone.app"; sourceTree = BUILT_PRODUCTS_DIR; };
		FB9685282893010C00F6F613 /* AppDelegate.swift */ = {isa = PBXFileReference; lastKnownFileType = sourcecode.swift; path = AppDelegate.swift; sourceTree = "<group>"; };
		FB96852A2893010C00F6F613 /* SceneDelegate.swift */ = {isa = PBXFileReference; lastKnownFileType = sourcecode.swift; path = SceneDelegate.swift; sourceTree = "<group>"; };
		FB96852C2893010C00F6F613 /* MainTabBarViewController.swift */ = {isa = PBXFileReference; lastKnownFileType = sourcecode.swift; path = MainTabBarViewController.swift; sourceTree = "<group>"; };
		FB9685312893011600F6F613 /* Assets.xcassets */ = {isa = PBXFileReference; lastKnownFileType = folder.assetcatalog; path = Assets.xcassets; sourceTree = "<group>"; };
		FB9685342893011600F6F613 /* Base */ = {isa = PBXFileReference; lastKnownFileType = file.storyboard; name = Base; path = Base.lproj/LaunchScreen.storyboard; sourceTree = "<group>"; };
		FB9685362893011600F6F613 /* Info.plist */ = {isa = PBXFileReference; lastKnownFileType = text.plist.xml; path = Info.plist; sourceTree = "<group>"; };
		FB96853D2893031F00F6F613 /* HomeViewController.swift */ = {isa = PBXFileReference; lastKnownFileType = sourcecode.swift; path = HomeViewController.swift; sourceTree = "<group>"; };
		FB96853F2893034C00F6F613 /* UpcomingViewController.swift */ = {isa = PBXFileReference; lastKnownFileType = sourcecode.swift; path = UpcomingViewController.swift; sourceTree = "<group>"; };
		FB9685412893036C00F6F613 /* SearchViewController.swift */ = {isa = PBXFileReference; lastKnownFileType = sourcecode.swift; path = SearchViewController.swift; sourceTree = "<group>"; };
		FB9685432893038700F6F613 /* DownloadViewController.swift */ = {isa = PBXFileReference; lastKnownFileType = sourcecode.swift; path = DownloadViewController.swift; sourceTree = "<group>"; };
		FB96854A28930BFB00F6F613 /* CollectionViewTableViewCell.swift */ = {isa = PBXFileReference; lastKnownFileType = sourcecode.swift; path = CollectionViewTableViewCell.swift; sourceTree = "<group>"; };
		FB96854C28931A2E00F6F613 /* HeroHeaderUIView.swift */ = {isa = PBXFileReference; lastKnownFileType = sourcecode.swift; path = HeroHeaderUIView.swift; sourceTree = "<group>"; };
		FB96855328985AE400F6F613 /* APICallers.swift */ = {isa = PBXFileReference; lastKnownFileType = sourcecode.swift; path = APICallers.swift; sourceTree = "<group>"; };
		FB9685552898697000F6F613 /* Title.swift */ = {isa = PBXFileReference; lastKnownFileType = sourcecode.swift; path = Title.swift; sourceTree = "<group>"; };
		FB968557289879EA00F6F613 /* Extensions.swift */ = {isa = PBXFileReference; lastKnownFileType = sourcecode.swift; path = Extensions.swift; sourceTree = "<group>"; };
		FB96855B28994FB500F6F613 /* TitleCollectionViewCell.swift */ = {isa = PBXFileReference; lastKnownFileType = sourcecode.swift; path = TitleCollectionViewCell.swift; sourceTree = "<group>"; };
		FB9685622899A94300F6F613 /* TitleTableViewCell.swift */ = {isa = PBXFileReference; lastKnownFileType = sourcecode.swift; path = TitleTableViewCell.swift; sourceTree = "<group>"; };
		FB9685642899BABD00F6F613 /* TitleViewModel.swift */ = {isa = PBXFileReference; lastKnownFileType = sourcecode.swift; path = TitleViewModel.swift; sourceTree = "<group>"; };
		FB968566289AA49700F6F613 /* SearchResultsViewController.swift */ = {isa = PBXFileReference; lastKnownFileType = sourcecode.swift; path = SearchResultsViewController.swift; sourceTree = "<group>"; };
/* End PBXFileReference section */

/* Begin PBXFrameworksBuildPhase section */
		FB9685222893010B00F6F613 /* Frameworks */ = {
			isa = PBXFrameworksBuildPhase;
			buildActionMask = 2147483647;
			files = (
				FB9685612899524100F6F613 /* SDWebImageMapKit in Frameworks */,
				FB96855F2899524100F6F613 /* SDWebImage in Frameworks */,
			);
			runOnlyForDeploymentPostprocessing = 0;
		};
/* End PBXFrameworksBuildPhase section */

/* Begin PBXGroup section */
		FB96851C2893010B00F6F613 = {
			isa = PBXGroup;
			children = (
				FB9685272893010C00F6F613 /* Netflix Clone */,
				FB9685262893010B00F6F613 /* Products */,
			);
			sourceTree = "<group>";
		};
		FB9685262893010B00F6F613 /* Products */ = {
			isa = PBXGroup;
			children = (
				FB9685252893010B00F6F613 /* Netflix Clone.app */,
			);
			name = Products;
			sourceTree = "<group>";
		};
		FB9685272893010C00F6F613 /* Netflix Clone */ = {
			isa = PBXGroup;
			children = (
				FB96855028985A9800F6F613 /* Managers */,
				FB96854828930BAF00F6F613 /* Resources */,
				FB96854728930B8200F6F613 /* Models */,
				FB96854528930B6500F6F613 /* Views */,
				FB96854628930B7400F6F613 /* ViewModels */,
				FB96853C289302F900F6F613 /* Controllers */,
				FB9685282893010C00F6F613 /* AppDelegate.swift */,
				FB96852A2893010C00F6F613 /* SceneDelegate.swift */,
				FB9685312893011600F6F613 /* Assets.xcassets */,
				FB9685332893011600F6F613 /* LaunchScreen.storyboard */,
				FB9685362893011600F6F613 /* Info.plist */,
			);
			path = "Netflix Clone";
			sourceTree = "<group>";
		};
		FB96853C289302F900F6F613 /* Controllers */ = {
			isa = PBXGroup;
			children = (
				FB968569289AA4E400F6F613 /* General */,
				FB968568289AA4AA00F6F613 /* Core */,
			);
			path = Controllers;
			sourceTree = "<group>";
		};
		FB96854528930B6500F6F613 /* Views */ = {
			isa = PBXGroup;
			children = (
				FB96854A28930BFB00F6F613 /* CollectionViewTableViewCell.swift */,
				FB96854C28931A2E00F6F613 /* HeroHeaderUIView.swift */,
				FB96855B28994FB500F6F613 /* TitleCollectionViewCell.swift */,
				FB9685622899A94300F6F613 /* TitleTableViewCell.swift */,
			);
			path = Views;
			sourceTree = "<group>";
		};
		FB96854628930B7400F6F613 /* ViewModels */ = {
			isa = PBXGroup;
			children = (
				FB9685642899BABD00F6F613 /* TitleViewModel.swift */,
			);
			path = ViewModels;
			sourceTree = "<group>";
		};
		FB96854728930B8200F6F613 /* Models */ = {
			isa = PBXGroup;
			children = (
				FB9685552898697000F6F613 /* Title.swift */,
			);
			path = Models;
			sourceTree = "<group>";
		};
		FB96854828930BAF00F6F613 /* Resources */ = {
			isa = PBXGroup;
			children = (
				FB968557289879EA00F6F613 /* Extensions.swift */,
			);
			path = Resources;
			sourceTree = "<group>";
		};
		FB96855028985A9800F6F613 /* Managers */ = {
			isa = PBXGroup;
			children = (
				FB96855328985AE400F6F613 /* APICallers.swift */,
			);
			path = Managers;
			sourceTree = "<group>";
		};
		FB968568289AA4AA00F6F613 /* Core */ = {
			isa = PBXGroup;
			children = (
				FB96853D2893031F00F6F613 /* HomeViewController.swift */,
				FB96853F2893034C00F6F613 /* UpcomingViewController.swift */,
				FB9685412893036C00F6F613 /* SearchViewController.swift */,
				FB9685432893038700F6F613 /* DownloadViewController.swift */,
				FB96852C2893010C00F6F613 /* MainTabBarViewController.swift */,
			);
			path = Core;
			sourceTree = "<group>";
		};
		FB968569289AA4E400F6F613 /* General */ = {
			isa = PBXGroup;
			children = (
				FB968566289AA49700F6F613 /* SearchResultsViewController.swift */,
			);
			path = General;
			sourceTree = "<group>";
		};
/* End PBXGroup section */

/* Begin PBXNativeTarget section */
		FB9685242893010B00F6F613 /* Netflix Clone */ = {
			isa = PBXNativeTarget;
			buildConfigurationList = FB9685392893011600F6F613 /* Build configuration list for PBXNativeTarget "Netflix Clone" */;
			buildPhases = (
				FB9685212893010B00F6F613 /* Sources */,
				FB9685222893010B00F6F613 /* Frameworks */,
				FB9685232893010B00F6F613 /* Resources */,
			);
			buildRules = (
			);
			dependencies = (
			);
			name = "Netflix Clone";
			packageProductDependencies = (
				FB96855E2899524100F6F613 /* SDWebImage */,
				FB9685602899524100F6F613 /* SDWebImageMapKit */,
			);
			productName = "Netflix Clone";
			productReference = FB9685252893010B00F6F613 /* Netflix Clone.app */;
			productType = "com.apple.product-type.application";
		};
/* End PBXNativeTarget section */

/* Begin PBXProject section */
		FB96851D2893010B00F6F613 /* Project object */ = {
			isa = PBXProject;
			attributes = {
				BuildIndependentTargetsInParallel = 1;
				LastSwiftUpdateCheck = 1340;
				LastUpgradeCheck = 1340;
				TargetAttributes = {
					FB9685242893010B00F6F613 = {
						CreatedOnToolsVersion = 13.4.1;
					};
				};
			};
			buildConfigurationList = FB9685202893010B00F6F613 /* Build configuration list for PBXProject "Netflix Clone" */;
			compatibilityVersion = "Xcode 13.0";
			developmentRegion = en;
			hasScannedForEncodings = 0;
			knownRegions = (
				en,
				Base,
			);
			mainGroup = FB96851C2893010B00F6F613;
			packageReferences = (
				FB96855D2899524100F6F613 /* XCRemoteSwiftPackageReference "SDWebImage" */,
			);
			productRefGroup = FB9685262893010B00F6F613 /* Products */;
			projectDirPath = "";
			projectRoot = "";
			targets = (
				FB9685242893010B00F6F613 /* Netflix Clone */,
			);
		};
/* End PBXProject section */

/* Begin PBXResourcesBuildPhase section */
		FB9685232893010B00F6F613 /* Resources */ = {
			isa = PBXResourcesBuildPhase;
			buildActionMask = 2147483647;
			files = (
				FB9685352893011600F6F613 /* LaunchScreen.storyboard in Resources */,
				FB9685322893011600F6F613 /* Assets.xcassets in Resources */,
			);
			runOnlyForDeploymentPostprocessing = 0;
		};
/* End PBXResourcesBuildPhase section */

/* Begin PBXSourcesBuildPhase section */
		FB9685212893010B00F6F613 /* Sources */ = {
			isa = PBXSourcesBuildPhase;
			buildActionMask = 2147483647;
			files = (
				FB9685632899A94400F6F613 /* TitleTableViewCell.swift in Sources */,
				FB9685422893036C00F6F613 /* SearchViewController.swift in Sources */,
				FB96855C28994FB500F6F613 /* TitleCollectionViewCell.swift in Sources */,
				FB96852D2893010C00F6F613 /* MainTabBarViewController.swift in Sources */,
				FB96854B28930BFB00F6F613 /* CollectionViewTableViewCell.swift in Sources */,
				FB96854D28931A2E00F6F613 /* HeroHeaderUIView.swift in Sources */,
				FB9685292893010C00F6F613 /* AppDelegate.swift in Sources */,
				FB9685442893038700F6F613 /* DownloadViewController.swift in Sources */,
				FB96852B2893010C00F6F613 /* SceneDelegate.swift in Sources */,
				FB968567289AA49800F6F613 /* SearchResultsViewController.swift in Sources */,
				FB968558289879EA00F6F613 /* Extensions.swift in Sources */,
				FB96855428985AE400F6F613 /* APICallers.swift in Sources */,
				FB9685402893034C00F6F613 /* UpcomingViewController.swift in Sources */,
				FB9685562898697000F6F613 /* Title.swift in Sources */,
				FB96853E2893031F00F6F613 /* HomeViewController.swift in Sources */,
				FB9685652899BABD00F6F613 /* TitleViewModel.swift in Sources */,
			);
			runOnlyForDeploymentPostprocessing = 0;
		};
/* End PBXSourcesBuildPhase section */

/* Begin PBXVariantGroup section */
		FB9685332893011600F6F613 /* LaunchScreen.storyboard */ = {
			isa = PBXVariantGroup;
			children = (
				FB9685342893011600F6F613 /* Base */,
			);
			name = LaunchScreen.storyboard;
			sourceTree = "<group>";
		};
/* End PBXVariantGroup section */

/* Begin XCBuildConfiguration section */
		FB9685372893011600F6F613 /* Debug */ = {
			isa = XCBuildConfiguration;
			buildSettings = {
				ALWAYS_SEARCH_USER_PATHS = NO;
				CLANG_ANALYZER_NONNULL = YES;
				CLANG_ANALYZER_NUMBER_OBJECT_CONVERSION = YES_AGGRESSIVE;
				CLANG_CXX_LANGUAGE_STANDARD = "gnu++17";
				CLANG_ENABLE_MODULES = YES;
				CLANG_ENABLE_OBJC_ARC = YES;
				CLANG_ENABLE_OBJC_WEAK = YES;
				CLANG_WARN_BLOCK_CAPTURE_AUTORELEASING = YES;
				CLANG_WARN_BOOL_CONVERSION = YES;
				CLANG_WARN_COMMA = YES;
				CLANG_WARN_CONSTANT_CONVERSION = YES;
				CLANG_WARN_DEPRECATED_OBJC_IMPLEMENTATIONS = YES;
				CLANG_WARN_DIRECT_OBJC_ISA_USAGE = YES_ERROR;
				CLANG_WARN_DOCUMENTATION_COMMENTS = YES;
				CLANG_WARN_EMPTY_BODY = YES;
				CLANG_WARN_ENUM_CONVERSION = YES;
				CLANG_WARN_INFINITE_RECURSION = YES;
				CLANG_WARN_INT_CONVERSION = YES;
				CLANG_WARN_NON_LITERAL_NULL_CONVERSION = YES;
				CLANG_WARN_OBJC_IMPLICIT_RETAIN_SELF = YES;
				CLANG_WARN_OBJC_LITERAL_CONVERSION = YES;
				CLANG_WARN_OBJC_ROOT_CLASS = YES_ERROR;
				CLANG_WARN_QUOTED_INCLUDE_IN_FRAMEWORK_HEADER = YES;
				CLANG_WARN_RANGE_LOOP_ANALYSIS = YES;
				CLANG_WARN_STRICT_PROTOTYPES = YES;
				CLANG_WARN_SUSPICIOUS_MOVE = YES;
				CLANG_WARN_UNGUARDED_AVAILABILITY = YES_AGGRESSIVE;
				CLANG_WARN_UNREACHABLE_CODE = YES;
				CLANG_WARN__DUPLICATE_METHOD_MATCH = YES;
				COPY_PHASE_STRIP = NO;
				DEBUG_INFORMATION_FORMAT = dwarf;
				ENABLE_STRICT_OBJC_MSGSEND = YES;
				ENABLE_TESTABILITY = YES;
				GCC_C_LANGUAGE_STANDARD = gnu11;
				GCC_DYNAMIC_NO_PIC = NO;
				GCC_NO_COMMON_BLOCKS = YES;
				GCC_OPTIMIZATION_LEVEL = 0;
				GCC_PREPROCESSOR_DEFINITIONS = (
					"DEBUG=1",
					"$(inherited)",
				);
				GCC_WARN_64_TO_32_BIT_CONVERSION = YES;
				GCC_WARN_ABOUT_RETURN_TYPE = YES_ERROR;
				GCC_WARN_UNDECLARED_SELECTOR = YES;
				GCC_WARN_UNINITIALIZED_AUTOS = YES_AGGRESSIVE;
				GCC_WARN_UNUSED_FUNCTION = YES;
				GCC_WARN_UNUSED_VARIABLE = YES;
				IPHONEOS_DEPLOYMENT_TARGET = 15.5;
				MTL_ENABLE_DEBUG_INFO = INCLUDE_SOURCE;
				MTL_FAST_MATH = YES;
				ONLY_ACTIVE_ARCH = YES;
				SDKROOT = iphoneos;
				SWIFT_ACTIVE_COMPILATION_CONDITIONS = DEBUG;
				SWIFT_OPTIMIZATION_LEVEL = "-Onone";
			};
			name = Debug;
		};
		FB9685382893011600F6F613 /* Release */ = {
			isa = XCBuildConfiguration;
			buildSettings = {
				ALWAYS_SEARCH_USER_PATHS = NO;
				CLANG_ANALYZER_NONNULL = YES;
				CLANG_ANALYZER_NUMBER_OBJECT_CONVERSION = YES_AGGRESSIVE;
				CLANG_CXX_LANGUAGE_STANDARD = "gnu++17";
				CLANG_ENABLE_MODULES = YES;
				CLANG_ENABLE_OBJC_ARC = YES;
				CLANG_ENABLE_OBJC_WEAK = YES;
				CLANG_WARN_BLOCK_CAPTURE_AUTORELEASING = YES;
				CLANG_WARN_BOOL_CONVERSION = YES;
				CLANG_WARN_COMMA = YES;
				CLANG_WARN_CONSTANT_CONVERSION = YES;
				CLANG_WARN_DEPRECATED_OBJC_IMPLEMENTATIONS = YES;
				CLANG_WARN_DIRECT_OBJC_ISA_USAGE = YES_ERROR;
				CLANG_WARN_DOCUMENTATION_COMMENTS = YES;
				CLANG_WARN_EMPTY_BODY = YES;
				CLANG_WARN_ENUM_CONVERSION = YES;
				CLANG_WARN_INFINITE_RECURSION = YES;
				CLANG_WARN_INT_CONVERSION = YES;
				CLANG_WARN_NON_LITERAL_NULL_CONVERSION = YES;
				CLANG_WARN_OBJC_IMPLICIT_RETAIN_SELF = YES;
				CLANG_WARN_OBJC_LITERAL_CONVERSION = YES;
				CLANG_WARN_OBJC_ROOT_CLASS = YES_ERROR;
				CLANG_WARN_QUOTED_INCLUDE_IN_FRAMEWORK_HEADER = YES;
				CLANG_WARN_RANGE_LOOP_ANALYSIS = YES;
				CLANG_WARN_STRICT_PROTOTYPES = YES;
				CLANG_WARN_SUSPICIOUS_MOVE = YES;
				CLANG_WARN_UNGUARDED_AVAILABILITY = YES_AGGRESSIVE;
				CLANG_WARN_UNREACHABLE_CODE = YES;
				CLANG_WARN__DUPLICATE_METHOD_MATCH = YES;
				COPY_PHASE_STRIP = NO;
				DEBUG_INFORMATION_FORMAT = "dwarf-with-dsym";
				ENABLE_NS_ASSERTIONS = NO;
				ENABLE_STRICT_OBJC_MSGSEND = YES;
				GCC_C_LANGUAGE_STANDARD = gnu11;
				GCC_NO_COMMON_BLOCKS = YES;
				GCC_WARN_64_TO_32_BIT_CONVERSION = YES;
				GCC_WARN_ABOUT_RETURN_TYPE = YES_ERROR;
				GCC_WARN_UNDECLARED_SELECTOR = YES;
				GCC_WARN_UNINITIALIZED_AUTOS = YES_AGGRESSIVE;
				GCC_WARN_UNUSED_FUNCTION = YES;
				GCC_WARN_UNUSED_VARIABLE = YES;
				IPHONEOS_DEPLOYMENT_TARGET = 15.5;
				MTL_ENABLE_DEBUG_INFO = NO;
				MTL_FAST_MATH = YES;
				SDKROOT = iphoneos;
				SWIFT_COMPILATION_MODE = wholemodule;
				SWIFT_OPTIMIZATION_LEVEL = "-O";
				VALIDATE_PRODUCT = YES;
			};
			name = Release;
		};
		FB96853A2893011600F6F613 /* Debug */ = {
			isa = XCBuildConfiguration;
			buildSettings = {
				ASSETCATALOG_COMPILER_APPICON_NAME = AppIcon;
				ASSETCATALOG_COMPILER_GLOBAL_ACCENT_COLOR_NAME = AccentColor;
				CODE_SIGN_STYLE = Automatic;
				CURRENT_PROJECT_VERSION = 1;
				DEVELOPMENT_TEAM = 9UB7ZHBJQ4;
				GENERATE_INFOPLIST_FILE = YES;
				INFOPLIST_FILE = "Netflix Clone/Info.plist";
				INFOPLIST_KEY_UIApplicationSupportsIndirectInputEvents = YES;
				INFOPLIST_KEY_UILaunchStoryboardName = LaunchScreen;
				INFOPLIST_KEY_UISupportedInterfaceOrientations_iPad = "UIInterfaceOrientationPortrait UIInterfaceOrientationPortraitUpsideDown UIInterfaceOrientationLandscapeLeft UIInterfaceOrientationLandscapeRight";
				INFOPLIST_KEY_UISupportedInterfaceOrientations_iPhone = "UIInterfaceOrientationPortrait UIInterfaceOrientationLandscapeLeft UIInterfaceOrientationLandscapeRight";
				LD_RUNPATH_SEARCH_PATHS = (
					"$(inherited)",
					"@executable_path/Frameworks",
				);
				MARKETING_VERSION = 1.0;
				PRODUCT_BUNDLE_IDENTIFIER = "cengiz.Netflix-Clone";
				PRODUCT_NAME = "$(TARGET_NAME)";
				SWIFT_EMIT_LOC_STRINGS = YES;
				SWIFT_VERSION = 5.0;
				TARGETED_DEVICE_FAMILY = "1,2";
			};
			name = Debug;
		};
		FB96853B2893011600F6F613 /* Release */ = {
			isa = XCBuildConfiguration;
			buildSettings = {
				ASSETCATALOG_COMPILER_APPICON_NAME = AppIcon;
				ASSETCATALOG_COMPILER_GLOBAL_ACCENT_COLOR_NAME = AccentColor;
				CODE_SIGN_STYLE = Automatic;
				CURRENT_PROJECT_VERSION = 1;
				DEVELOPMENT_TEAM = 9UB7ZHBJQ4;
				GENERATE_INFOPLIST_FILE = YES;
				INFOPLIST_FILE = "Netflix Clone/Info.plist";
				INFOPLIST_KEY_UIApplicationSupportsIndirectInputEvents = YES;
				INFOPLIST_KEY_UILaunchStoryboardName = LaunchScreen;
				INFOPLIST_KEY_UISupportedInterfaceOrientations_iPad = "UIInterfaceOrientationPortrait UIInterfaceOrientationPortraitUpsideDown UIInterfaceOrientationLandscapeLeft UIInterfaceOrientationLandscapeRight";
				INFOPLIST_KEY_UISupportedInterfaceOrientations_iPhone = "UIInterfaceOrientationPortrait UIInterfaceOrientationLandscapeLeft UIInterfaceOrientationLandscapeRight";
				LD_RUNPATH_SEARCH_PATHS = (
					"$(inherited)",
					"@executable_path/Frameworks",
				);
				MARKETING_VERSION = 1.0;
				PRODUCT_BUNDLE_IDENTIFIER = "cengiz.Netflix-Clone";
				PRODUCT_NAME = "$(TARGET_NAME)";
				SWIFT_EMIT_LOC_STRINGS = YES;
				SWIFT_VERSION = 5.0;
				TARGETED_DEVICE_FAMILY = "1,2";
			};
			name = Release;
		};
/* End XCBuildConfiguration section */

/* Begin XCConfigurationList section */
		FB9685202893010B00F6F613 /* Build configuration list for PBXProject "Netflix Clone" */ = {
			isa = XCConfigurationList;
			buildConfigurations = (
				FB9685372893011600F6F613 /* Debug */,
				FB9685382893011600F6F613 /* Release */,
			);
			defaultConfigurationIsVisible = 0;
			defaultConfigurationName = Release;
		};
		FB9685392893011600F6F613 /* Build configuration list for PBXNativeTarget "Netflix Clone" */ = {
			isa = XCConfigurationList;
			buildConfigurations = (
				FB96853A2893011600F6F613 /* Debug */,
				FB96853B2893011600F6F613 /* Release */,
			);
			defaultConfigurationIsVisible = 0;
			defaultConfigurationName = Release;
		};
/* End XCConfigurationList section */

/* Begin XCRemoteSwiftPackageReference section */
		FB96855D2899524100F6F613 /* XCRemoteSwiftPackageReference "SDWebImage" */ = {
			isa = XCRemoteSwiftPackageReference;
			repositoryURL = "https://github.com/SDWebImage/SDWebImage.git";
			requirement = {
				kind = upToNextMajorVersion;
				minimumVersion = 5.0.0;
			};
		};
/* End XCRemoteSwiftPackageReference section */

/* Begin XCSwiftPackageProductDependency section */
		FB96855E2899524100F6F613 /* SDWebImage */ = {
			isa = XCSwiftPackageProductDependency;
			package = FB96855D2899524100F6F613 /* XCRemoteSwiftPackageReference "SDWebImage" */;
			productName = SDWebImage;
		};
		FB9685602899524100F6F613 /* SDWebImageMapKit */ = {
			isa = XCSwiftPackageProductDependency;
			package = FB96855D2899524100F6F613 /* XCRemoteSwiftPackageReference "SDWebImage" */;
			productName = SDWebImageMapKit;
		};
/* End XCSwiftPackageProductDependency section */
	};
	rootObject = FB96851D2893010B00F6F613 /* Project object */;
}
